// !$*UTF8*$!
{
	archiveVersion = 1;
	classes = {
	};
	objectVersion = 56;
	objects = {

/* Begin PBXBuildFile section */
		161EA0052BC7965B0071CA9A /* LoginViewController.swift in Sources */ = {isa = PBXBuildFile; fileRef = 161EA0042BC7965B0071CA9A /* LoginViewController.swift */; };
		161EA0072BC79AC30071CA9A /* JVC.swift in Sources */ = {isa = PBXBuildFile; fileRef = 161EA0062BC79AC30071CA9A /* JVC.swift */; };
		161EA0092BC79AFD0071CA9A /* Preference.swift in Sources */ = {isa = PBXBuildFile; fileRef = 161EA0082BC79AFD0071CA9A /* Preference.swift */; };
		161EA00C2BC79B420071CA9A /* WebController.swift in Sources */ = {isa = PBXBuildFile; fileRef = 161EA00B2BC79B420071CA9A /* WebController.swift */; };
		161EA0112BC79B9C0071CA9A /* DEFINE.swift in Sources */ = {isa = PBXBuildFile; fileRef = 161EA0102BC79B9C0071CA9A /* DEFINE.swift */; };
		161EA0142BC79BF40071CA9A /* DLog.swift in Sources */ = {isa = PBXBuildFile; fileRef = 161EA0132BC79BF40071CA9A /* DLog.swift */; };
		161EA0162BC79C240071CA9A /* Extensions.swift in Sources */ = {isa = PBXBuildFile; fileRef = 161EA0152BC79C240071CA9A /* Extensions.swift */; };
		16581A5E2BC924A100F96F97 /* ResponsePreLogin.swift in Sources */ = {isa = PBXBuildFile; fileRef = 16581A5D2BC924A100F96F97 /* ResponsePreLogin.swift */; };
		16736E032BCCFD680052A782 /* RequestConstant.swift in Sources */ = {isa = PBXBuildFile; fileRef = 16736E022BCCFD680052A782 /* RequestConstant.swift */; };
		16736E052BCD09DF0052A782 /* ResponseCheckID.swift in Sources */ = {isa = PBXBuildFile; fileRef = 16736E042BCD09DF0052A782 /* ResponseCheckID.swift */; };
		16736E072BCD11F70052A782 /* ResponseUserStatus.swift in Sources */ = {isa = PBXBuildFile; fileRef = 16736E062BCD11F70052A782 /* ResponseUserStatus.swift */; };
		16736E092BCD13AA0052A782 /* ResponsePushNoti.swift in Sources */ = {isa = PBXBuildFile; fileRef = 16736E082BCD13AA0052A782 /* ResponsePushNoti.swift */; };
		16736E0B2BCD1E140052A782 /* ResponseChkAuthResult.swift in Sources */ = {isa = PBXBuildFile; fileRef = 16736E0A2BCD1E140052A782 /* ResponseChkAuthResult.swift */; };
		16736E0D2BCD1E610052A782 /* DMResultModel.swift in Sources */ = {isa = PBXBuildFile; fileRef = 16736E0C2BCD1E610052A782 /* DMResultModel.swift */; };
		16736E0F2BCD41960052A782 /* ResponseLogin.swift in Sources */ = {isa = PBXBuildFile; fileRef = 16736E0E2BCD41960052A782 /* ResponseLogin.swift */; };
		16736E112BCD48190052A782 /* ResponseLoad.swift in Sources */ = {isa = PBXBuildFile; fileRef = 16736E102BCD48190052A782 /* ResponseLoad.swift */; };
		16736E132BCD4E9C0052A782 /* ResponseSearch.swift in Sources */ = {isa = PBXBuildFile; fileRef = 16736E122BCD4E9C0052A782 /* ResponseSearch.swift */; };
		16736E152BCD58950052A782 /* DataSession.swift in Sources */ = {isa = PBXBuildFile; fileRef = 16736E142BCD58950052A782 /* DataSession.swift */; };
		16736E172BCE2CCB0052A782 /* MainNavVC.swift in Sources */ = {isa = PBXBuildFile; fileRef = 16736E162BCE2CCB0052A782 /* MainNavVC.swift */; };
		16736E192BCE2D030052A782 /* MainViewController.swift in Sources */ = {isa = PBXBuildFile; fileRef = 16736E182BCE2D030052A782 /* MainViewController.swift */; };
		16736E1B2BCE344A0052A782 /* RequestManager.swift in Sources */ = {isa = PBXBuildFile; fileRef = 16736E1A2BCE344A0052A782 /* RequestManager.swift */; };
		167F901D2BE0C06B00FCCE89 /* BridgeList.swift in Sources */ = {isa = PBXBuildFile; fileRef = 167F901C2BE0C06B00FCCE89 /* BridgeList.swift */; };
		167F90202BE0C56100FCCE89 /* WebBridgeExtension.swift in Sources */ = {isa = PBXBuildFile; fileRef = 167F901F2BE0C56100FCCE89 /* WebBridgeExtension.swift */; };
		1689135C2C1820A000E08258 /* WidgetKit.framework in Frameworks */ = {isa = PBXBuildFile; fileRef = 16BAD4542BF3304A00A763D2 /* WidgetKit.framework */; };
		1689135D2C1820A000E08258 /* SwiftUI.framework in Frameworks */ = {isa = PBXBuildFile; fileRef = 16BAD4562BF3304A00A763D2 /* SwiftUI.framework */; };
		168913602C1820A000E08258 /* CheqDynamicWidgetBundle.swift in Sources */ = {isa = PBXBuildFile; fileRef = 1689135F2C1820A000E08258 /* CheqDynamicWidgetBundle.swift */; };
		168913622C1820A000E08258 /* CheqDynamicWidgetLiveActivity.swift in Sources */ = {isa = PBXBuildFile; fileRef = 168913612C1820A000E08258 /* CheqDynamicWidgetLiveActivity.swift */; };
		168913642C1820A000E08258 /* CheqDynamicWidget.swift in Sources */ = {isa = PBXBuildFile; fileRef = 168913632C1820A000E08258 /* CheqDynamicWidget.swift */; };
		168913662C1820A000E08258 /* AppIntent.swift in Sources */ = {isa = PBXBuildFile; fileRef = 168913652C1820A000E08258 /* AppIntent.swift */; };
		168913682C1820A100E08258 /* Assets.xcassets in Resources */ = {isa = PBXBuildFile; fileRef = 168913672C1820A100E08258 /* Assets.xcassets */; };
		1689136C2C1820A100E08258 /* CheqDynamicWidgetExtension.appex in Embed Foundation Extensions */ = {isa = PBXBuildFile; fileRef = 1689135B2C1820A000E08258 /* CheqDynamicWidgetExtension.appex */; settings = {ATTRIBUTES = (RemoveHeadersOnCopy, ); }; };
		168913702C18264C00E08258 /* CheqDynamicWidgetLiveActivity.swift in Sources */ = {isa = PBXBuildFile; fileRef = 168913612C1820A000E08258 /* CheqDynamicWidgetLiveActivity.swift */; };
		16962DA92BEC97A10030EC8B /* JDID in Frameworks */ = {isa = PBXBuildFile; productRef = 16962DA82BEC97A10030EC8B /* JDID */; };
		16978A992BDA4EF5007F8B61 /* menu.json in Resources */ = {isa = PBXBuildFile; fileRef = 16978A982BDA4EF5007F8B61 /* menu.json */; };
		16BAD44A2BF3211C00A763D2 /* BTExtension.swift in Sources */ = {isa = PBXBuildFile; fileRef = 16BAD4492BF3211C00A763D2 /* BTExtension.swift */; };
		16BAD44C2BF3261400A763D2 /* LocationExtension.swift in Sources */ = {isa = PBXBuildFile; fileRef = 16BAD44B2BF3261300A763D2 /* LocationExtension.swift */; };
		16BAD46D2BF3449400A763D2 /* ResponseJSONTest.swift in Sources */ = {isa = PBXBuildFile; fileRef = 16BAD46C2BF3449400A763D2 /* ResponseJSONTest.swift */; };
		16D092922BCE3E5600E941C9 /* ResponseMenuInfo.swift in Sources */ = {isa = PBXBuildFile; fileRef = 16D092912BCE3E5600E941C9 /* ResponseMenuInfo.swift */; };
		16D092952BCE45DB00E941C9 /* Lottie in Frameworks */ = {isa = PBXBuildFile; productRef = 16D092942BCE45DB00E941C9 /* Lottie */; };
		16D0929A2BCE5E6400E941C9 /* QRViewController.swift in Sources */ = {isa = PBXBuildFile; fileRef = 16D092992BCE5E6400E941C9 /* QRViewController.swift */; };
		16D0929C2BCE614800E941C9 /* IdCardViewController.swift in Sources */ = {isa = PBXBuildFile; fileRef = 16D0929B2BCE614800E941C9 /* IdCardViewController.swift */; };
		16DBE95F2BC5037D00AA0EE9 /* AppDelegate.swift in Sources */ = {isa = PBXBuildFile; fileRef = 16DBE95E2BC5037D00AA0EE9 /* AppDelegate.swift */; };
		16DBE9632BC5037D00AA0EE9 /* InitialViewController.swift in Sources */ = {isa = PBXBuildFile; fileRef = 16DBE9622BC5037D00AA0EE9 /* InitialViewController.swift */; };
		16DBE9662BC5037D00AA0EE9 /* Base in Resources */ = {isa = PBXBuildFile; fileRef = 16DBE9652BC5037D00AA0EE9 /* Base */; };
		16DBE9692BC5037D00AA0EE9 /* cheq.xcdatamodeld in Sources */ = {isa = PBXBuildFile; fileRef = 16DBE9672BC5037D00AA0EE9 /* cheq.xcdatamodeld */; };
		16DBE96B2BC5037D00AA0EE9 /* Assets.xcassets in Resources */ = {isa = PBXBuildFile; fileRef = 16DBE96A2BC5037D00AA0EE9 /* Assets.xcassets */; };
		16DBE96E2BC5037D00AA0EE9 /* Base in Resources */ = {isa = PBXBuildFile; fileRef = 16DBE96D2BC5037D00AA0EE9 /* Base */; };
		16DBE97C2BC5071300AA0EE9 /* Then in Frameworks */ = {isa = PBXBuildFile; productRef = 16DBE97B2BC5071300AA0EE9 /* Then */; };
		16E771072C33C6B1003492E8 /* ResponseBeacon.swift in Sources */ = {isa = PBXBuildFile; fileRef = 16E771062C33C6B1003492E8 /* ResponseBeacon.swift */; };
		16E771092C33D994003492E8 /* DMUUIDModel.swift in Sources */ = {isa = PBXBuildFile; fileRef = 16E771082C33D994003492E8 /* DMUUIDModel.swift */; };
		16EC83B92BE4D927006C620D /* DMSetBgColor.swift in Sources */ = {isa = PBXBuildFile; fileRef = 16EC83B82BE4D927006C620D /* DMSetBgColor.swift */; };
		16EC83BC2BE4D9A2006C620D /* DMEnums.swift in Sources */ = {isa = PBXBuildFile; fileRef = 16EC83BB2BE4D9A2006C620D /* DMEnums.swift */; };
		16EC83BE2BE4DA07006C620D /* BaseResultDomain.swift in Sources */ = {isa = PBXBuildFile; fileRef = 16EC83BD2BE4DA07006C620D /* BaseResultDomain.swift */; };
		16EC83C02BE4DA1B006C620D /* DMDataResult.swift in Sources */ = {isa = PBXBuildFile; fileRef = 16EC83BF2BE4DA1B006C620D /* DMDataResult.swift */; };
		16EC83C22BE4DA6B006C620D /* DMTypeModel.swift in Sources */ = {isa = PBXBuildFile; fileRef = 16EC83C12BE4DA6B006C620D /* DMTypeModel.swift */; };
		16EC83C42BE4DA80006C620D /* DMTypeListModel.swift in Sources */ = {isa = PBXBuildFile; fileRef = 16EC83C32BE4DA80006C620D /* DMTypeListModel.swift */; };
		16EC83C62BE4DAAD006C620D /* DMUrl.swift in Sources */ = {isa = PBXBuildFile; fileRef = 16EC83C52BE4DAAD006C620D /* DMUrl.swift */; };
		16EC83C82BE4DB1D006C620D /* DMDataMapResult.swift in Sources */ = {isa = PBXBuildFile; fileRef = 16EC83C72BE4DB1D006C620D /* DMDataMapResult.swift */; };
		16EC83CC2BE4DE07006C620D /* DMUserId.swift in Sources */ = {isa = PBXBuildFile; fileRef = 16EC83CB2BE4DE07006C620D /* DMUserId.swift */; };
		16EC83CF2BE4DF2D006C620D /* FloatingBtn.swift in Sources */ = {isa = PBXBuildFile; fileRef = 16EC83CE2BE4DF2D006C620D /* FloatingBtn.swift */; };
		16EE68C92BD218990092D098 /* Constant.swift in Sources */ = {isa = PBXBuildFile; fileRef = 16EE68C82BD218990092D098 /* Constant.swift */; };
/* End PBXBuildFile section */

/* Begin PBXContainerItemProxy section */
		1689136A2C1820A100E08258 /* PBXContainerItemProxy */ = {
			isa = PBXContainerItemProxy;
			containerPortal = 16DBE9532BC5037D00AA0EE9 /* Project object */;
			proxyType = 1;
			remoteGlobalIDString = 1689135A2C1820A000E08258;
			remoteInfo = CheqDynamicWidgetExtension;
		};
/* End PBXContainerItemProxy section */

/* Begin PBXCopyFilesBuildPhase section */
		167B575C2BD0B462007F44BE /* Embed Frameworks */ = {
			isa = PBXCopyFilesBuildPhase;
			buildActionMask = 2147483647;
			dstPath = "";
			dstSubfolderSpec = 10;
			files = (
			);
			name = "Embed Frameworks";
			runOnlyForDeploymentPostprocessing = 0;
		};
		16BAD46A2BF3304B00A763D2 /* Embed Foundation Extensions */ = {
			isa = PBXCopyFilesBuildPhase;
			buildActionMask = 2147483647;
			dstPath = "";
			dstSubfolderSpec = 13;
			files = (
				1689136C2C1820A100E08258 /* CheqDynamicWidgetExtension.appex in Embed Foundation Extensions */,
			);
			name = "Embed Foundation Extensions";
			runOnlyForDeploymentPostprocessing = 0;
		};
/* End PBXCopyFilesBuildPhase section */

/* Begin PBXFileReference section */
		161EA0042BC7965B0071CA9A /* LoginViewController.swift */ = {isa = PBXFileReference; lastKnownFileType = sourcecode.swift; path = LoginViewController.swift; sourceTree = "<group>"; };
		161EA0062BC79AC30071CA9A /* JVC.swift */ = {isa = PBXFileReference; lastKnownFileType = sourcecode.swift; path = JVC.swift; sourceTree = "<group>"; };
		161EA0082BC79AFD0071CA9A /* Preference.swift */ = {isa = PBXFileReference; lastKnownFileType = sourcecode.swift; path = Preference.swift; sourceTree = "<group>"; };
		161EA00B2BC79B420071CA9A /* WebController.swift */ = {isa = PBXFileReference; lastKnownFileType = sourcecode.swift; path = WebController.swift; sourceTree = "<group>"; };
		161EA0102BC79B9C0071CA9A /* DEFINE.swift */ = {isa = PBXFileReference; lastKnownFileType = sourcecode.swift; path = DEFINE.swift; sourceTree = "<group>"; };
		161EA0132BC79BF40071CA9A /* DLog.swift */ = {isa = PBXFileReference; lastKnownFileType = sourcecode.swift; path = DLog.swift; sourceTree = "<group>"; };
		161EA0152BC79C240071CA9A /* Extensions.swift */ = {isa = PBXFileReference; lastKnownFileType = sourcecode.swift; path = Extensions.swift; sourceTree = "<group>"; };
		16581A5D2BC924A100F96F97 /* ResponsePreLogin.swift */ = {isa = PBXFileReference; lastKnownFileType = sourcecode.swift; path = ResponsePreLogin.swift; sourceTree = "<group>"; };
		16736E022BCCFD680052A782 /* RequestConstant.swift */ = {isa = PBXFileReference; lastKnownFileType = sourcecode.swift; path = RequestConstant.swift; sourceTree = "<group>"; };
		16736E042BCD09DF0052A782 /* ResponseCheckID.swift */ = {isa = PBXFileReference; lastKnownFileType = sourcecode.swift; path = ResponseCheckID.swift; sourceTree = "<group>"; };
		16736E062BCD11F70052A782 /* ResponseUserStatus.swift */ = {isa = PBXFileReference; lastKnownFileType = sourcecode.swift; path = ResponseUserStatus.swift; sourceTree = "<group>"; };
		16736E082BCD13AA0052A782 /* ResponsePushNoti.swift */ = {isa = PBXFileReference; lastKnownFileType = sourcecode.swift; path = ResponsePushNoti.swift; sourceTree = "<group>"; };
		16736E0A2BCD1E140052A782 /* ResponseChkAuthResult.swift */ = {isa = PBXFileReference; lastKnownFileType = sourcecode.swift; path = ResponseChkAuthResult.swift; sourceTree = "<group>"; };
		16736E0C2BCD1E610052A782 /* DMResultModel.swift */ = {isa = PBXFileReference; lastKnownFileType = sourcecode.swift; path = DMResultModel.swift; sourceTree = "<group>"; };
		16736E0E2BCD41960052A782 /* ResponseLogin.swift */ = {isa = PBXFileReference; lastKnownFileType = sourcecode.swift; path = ResponseLogin.swift; sourceTree = "<group>"; };
		16736E102BCD48190052A782 /* ResponseLoad.swift */ = {isa = PBXFileReference; lastKnownFileType = sourcecode.swift; path = ResponseLoad.swift; sourceTree = "<group>"; };
		16736E122BCD4E9C0052A782 /* ResponseSearch.swift */ = {isa = PBXFileReference; lastKnownFileType = sourcecode.swift; path = ResponseSearch.swift; sourceTree = "<group>"; };
		16736E142BCD58950052A782 /* DataSession.swift */ = {isa = PBXFileReference; lastKnownFileType = sourcecode.swift; path = DataSession.swift; sourceTree = "<group>"; };
		16736E162BCE2CCB0052A782 /* MainNavVC.swift */ = {isa = PBXFileReference; lastKnownFileType = sourcecode.swift; path = MainNavVC.swift; sourceTree = "<group>"; };
		16736E182BCE2D030052A782 /* MainViewController.swift */ = {isa = PBXFileReference; lastKnownFileType = sourcecode.swift; path = MainViewController.swift; sourceTree = "<group>"; };
		16736E1A2BCE344A0052A782 /* RequestManager.swift */ = {isa = PBXFileReference; lastKnownFileType = sourcecode.swift; path = RequestManager.swift; sourceTree = "<group>"; };
		167F901C2BE0C06B00FCCE89 /* BridgeList.swift */ = {isa = PBXFileReference; lastKnownFileType = sourcecode.swift; path = BridgeList.swift; sourceTree = "<group>"; };
		167F901F2BE0C56100FCCE89 /* WebBridgeExtension.swift */ = {isa = PBXFileReference; lastKnownFileType = sourcecode.swift; path = WebBridgeExtension.swift; sourceTree = "<group>"; };
		1689135B2C1820A000E08258 /* CheqDynamicWidgetExtension.appex */ = {isa = PBXFileReference; explicitFileType = "wrapper.app-extension"; includeInIndex = 0; path = CheqDynamicWidgetExtension.appex; sourceTree = BUILT_PRODUCTS_DIR; };
		1689135F2C1820A000E08258 /* CheqDynamicWidgetBundle.swift */ = {isa = PBXFileReference; lastKnownFileType = sourcecode.swift; path = CheqDynamicWidgetBundle.swift; sourceTree = "<group>"; };
		168913612C1820A000E08258 /* CheqDynamicWidgetLiveActivity.swift */ = {isa = PBXFileReference; lastKnownFileType = sourcecode.swift; path = CheqDynamicWidgetLiveActivity.swift; sourceTree = "<group>"; };
		168913632C1820A000E08258 /* CheqDynamicWidget.swift */ = {isa = PBXFileReference; lastKnownFileType = sourcecode.swift; path = CheqDynamicWidget.swift; sourceTree = "<group>"; };
		168913652C1820A000E08258 /* AppIntent.swift */ = {isa = PBXFileReference; lastKnownFileType = sourcecode.swift; path = AppIntent.swift; sourceTree = "<group>"; };
		168913672C1820A100E08258 /* Assets.xcassets */ = {isa = PBXFileReference; lastKnownFileType = folder.assetcatalog; path = Assets.xcassets; sourceTree = "<group>"; };
		168913692C1820A100E08258 /* Info.plist */ = {isa = PBXFileReference; lastKnownFileType = text.plist.xml; path = Info.plist; sourceTree = "<group>"; };
		16978A982BDA4EF5007F8B61 /* menu.json */ = {isa = PBXFileReference; fileEncoding = 4; lastKnownFileType = text.json; path = menu.json; sourceTree = "<group>"; };
		16BAD4492BF3211C00A763D2 /* BTExtension.swift */ = {isa = PBXFileReference; lastKnownFileType = sourcecode.swift; path = BTExtension.swift; sourceTree = "<group>"; };
		16BAD44B2BF3261300A763D2 /* LocationExtension.swift */ = {isa = PBXFileReference; lastKnownFileType = sourcecode.swift; path = LocationExtension.swift; sourceTree = "<group>"; };
		16BAD4542BF3304A00A763D2 /* WidgetKit.framework */ = {isa = PBXFileReference; lastKnownFileType = wrapper.framework; name = WidgetKit.framework; path = System/Library/Frameworks/WidgetKit.framework; sourceTree = SDKROOT; };
		16BAD4562BF3304A00A763D2 /* SwiftUI.framework */ = {isa = PBXFileReference; lastKnownFileType = wrapper.framework; name = SwiftUI.framework; path = System/Library/Frameworks/SwiftUI.framework; sourceTree = SDKROOT; };
		16BAD46C2BF3449400A763D2 /* ResponseJSONTest.swift */ = {isa = PBXFileReference; lastKnownFileType = sourcecode.swift; path = ResponseJSONTest.swift; sourceTree = "<group>"; };
		16D092912BCE3E5600E941C9 /* ResponseMenuInfo.swift */ = {isa = PBXFileReference; lastKnownFileType = sourcecode.swift; path = ResponseMenuInfo.swift; sourceTree = "<group>"; };
		16D092992BCE5E6400E941C9 /* QRViewController.swift */ = {isa = PBXFileReference; lastKnownFileType = sourcecode.swift; path = QRViewController.swift; sourceTree = "<group>"; };
		16D0929B2BCE614800E941C9 /* IdCardViewController.swift */ = {isa = PBXFileReference; lastKnownFileType = sourcecode.swift; path = IdCardViewController.swift; sourceTree = "<group>"; };
		16DBE95B2BC5037D00AA0EE9 /* cheq.app */ = {isa = PBXFileReference; explicitFileType = wrapper.application; includeInIndex = 0; path = cheq.app; sourceTree = BUILT_PRODUCTS_DIR; };
		16DBE95E2BC5037D00AA0EE9 /* AppDelegate.swift */ = {isa = PBXFileReference; lastKnownFileType = sourcecode.swift; path = AppDelegate.swift; sourceTree = "<group>"; };
		16DBE9622BC5037D00AA0EE9 /* InitialViewController.swift */ = {isa = PBXFileReference; lastKnownFileType = sourcecode.swift; path = InitialViewController.swift; sourceTree = "<group>"; };
		16DBE9652BC5037D00AA0EE9 /* Base */ = {isa = PBXFileReference; lastKnownFileType = file.storyboard; name = Base; path = Base.lproj/Main.storyboard; sourceTree = "<group>"; };
		16DBE9682BC5037D00AA0EE9 /* cheq.xcdatamodel */ = {isa = PBXFileReference; lastKnownFileType = wrapper.xcdatamodel; path = cheq.xcdatamodel; sourceTree = "<group>"; };
		16DBE96A2BC5037D00AA0EE9 /* Assets.xcassets */ = {isa = PBXFileReference; lastKnownFileType = folder.assetcatalog; path = Assets.xcassets; sourceTree = "<group>"; };
		16DBE96D2BC5037D00AA0EE9 /* Base */ = {isa = PBXFileReference; lastKnownFileType = file.storyboard; name = Base; path = Base.lproj/LaunchScreen.storyboard; sourceTree = "<group>"; };
		16DBE96F2BC5037D00AA0EE9 /* Info.plist */ = {isa = PBXFileReference; lastKnownFileType = text.plist.xml; path = Info.plist; sourceTree = "<group>"; };
		16DBE97D2BC50AF000AA0EE9 /* cheq.entitlements */ = {isa = PBXFileReference; lastKnownFileType = text.plist.entitlements; path = cheq.entitlements; sourceTree = "<group>"; };
		16E771062C33C6B1003492E8 /* ResponseBeacon.swift */ = {isa = PBXFileReference; lastKnownFileType = sourcecode.swift; path = ResponseBeacon.swift; sourceTree = "<group>"; };
		16E771082C33D994003492E8 /* DMUUIDModel.swift */ = {isa = PBXFileReference; lastKnownFileType = sourcecode.swift; path = DMUUIDModel.swift; sourceTree = "<group>"; };
		16EC83B82BE4D927006C620D /* DMSetBgColor.swift */ = {isa = PBXFileReference; lastKnownFileType = sourcecode.swift; path = DMSetBgColor.swift; sourceTree = "<group>"; };
		16EC83BB2BE4D9A2006C620D /* DMEnums.swift */ = {isa = PBXFileReference; lastKnownFileType = sourcecode.swift; path = DMEnums.swift; sourceTree = "<group>"; };
		16EC83BD2BE4DA07006C620D /* BaseResultDomain.swift */ = {isa = PBXFileReference; lastKnownFileType = sourcecode.swift; path = BaseResultDomain.swift; sourceTree = "<group>"; };
		16EC83BF2BE4DA1B006C620D /* DMDataResult.swift */ = {isa = PBXFileReference; lastKnownFileType = sourcecode.swift; path = DMDataResult.swift; sourceTree = "<group>"; };
		16EC83C12BE4DA6B006C620D /* DMTypeModel.swift */ = {isa = PBXFileReference; lastKnownFileType = sourcecode.swift; path = DMTypeModel.swift; sourceTree = "<group>"; };
		16EC83C32BE4DA80006C620D /* DMTypeListModel.swift */ = {isa = PBXFileReference; lastKnownFileType = sourcecode.swift; path = DMTypeListModel.swift; sourceTree = "<group>"; };
		16EC83C52BE4DAAD006C620D /* DMUrl.swift */ = {isa = PBXFileReference; lastKnownFileType = sourcecode.swift; path = DMUrl.swift; sourceTree = "<group>"; };
		16EC83C72BE4DB1D006C620D /* DMDataMapResult.swift */ = {isa = PBXFileReference; lastKnownFileType = sourcecode.swift; path = DMDataMapResult.swift; sourceTree = "<group>"; };
		16EC83CB2BE4DE07006C620D /* DMUserId.swift */ = {isa = PBXFileReference; lastKnownFileType = sourcecode.swift; path = DMUserId.swift; sourceTree = "<group>"; };
		16EC83CE2BE4DF2D006C620D /* FloatingBtn.swift */ = {isa = PBXFileReference; lastKnownFileType = sourcecode.swift; path = FloatingBtn.swift; sourceTree = "<group>"; };
		16EE68C82BD218990092D098 /* Constant.swift */ = {isa = PBXFileReference; fileEncoding = 4; lastKnownFileType = sourcecode.swift; path = Constant.swift; sourceTree = "<group>"; };
/* End PBXFileReference section */

/* Begin PBXFrameworksBuildPhase section */
		168913582C1820A000E08258 /* Frameworks */ = {
			isa = PBXFrameworksBuildPhase;
			buildActionMask = 2147483647;
			files = (
				1689135D2C1820A000E08258 /* SwiftUI.framework in Frameworks */,
				1689135C2C1820A000E08258 /* WidgetKit.framework in Frameworks */,
			);
			runOnlyForDeploymentPostprocessing = 0;
		};
		16DBE9582BC5037D00AA0EE9 /* Frameworks */ = {
			isa = PBXFrameworksBuildPhase;
			buildActionMask = 2147483647;
			files = (
				16DBE97C2BC5071300AA0EE9 /* Then in Frameworks */,
				16D092952BCE45DB00E941C9 /* Lottie in Frameworks */,
				16962DA92BEC97A10030EC8B /* JDID in Frameworks */,
			);
			runOnlyForDeploymentPostprocessing = 0;
		};
/* End PBXFrameworksBuildPhase section */

/* Begin PBXGroup section */
		161EA00A2BC79B3A0071CA9A /* vcs */ = {
			isa = PBXGroup;
			children = (
				16DBE9622BC5037D00AA0EE9 /* InitialViewController.swift */,
				161EA0042BC7965B0071CA9A /* LoginViewController.swift */,
				161EA00B2BC79B420071CA9A /* WebController.swift */,
				16736E162BCE2CCB0052A782 /* MainNavVC.swift */,
				16736E182BCE2D030052A782 /* MainViewController.swift */,
				16D092992BCE5E6400E941C9 /* QRViewController.swift */,
				16D0929B2BCE614800E941C9 /* IdCardViewController.swift */,
			);
			path = vcs;
			sourceTree = "<group>";
		};
		161EA00E2BC79B8D0071CA9A /* base */ = {
			isa = PBXGroup;
			children = (
				16EE68C82BD218990092D098 /* Constant.swift */,
				161EA0062BC79AC30071CA9A /* JVC.swift */,
				161EA0102BC79B9C0071CA9A /* DEFINE.swift */,
				161EA0152BC79C240071CA9A /* Extensions.swift */,
			);
			path = base;
			sourceTree = "<group>";
		};
		161EA0122BC79BEB0071CA9A /* utils */ = {
			isa = PBXGroup;
			children = (
				161EA0082BC79AFD0071CA9A /* Preference.swift */,
				161EA0132BC79BF40071CA9A /* DLog.swift */,
				16736E022BCCFD680052A782 /* RequestConstant.swift */,
				16736E142BCD58950052A782 /* DataSession.swift */,
				16736E1A2BCE344A0052A782 /* RequestManager.swift */,
				167F901C2BE0C06B00FCCE89 /* BridgeList.swift */,
			);
			path = utils;
			sourceTree = "<group>";
		};
		16581A5F2BC924A500F96F97 /* domain */ = {
			isa = PBXGroup;
			children = (
				16581A5D2BC924A100F96F97 /* ResponsePreLogin.swift */,
				16736E042BCD09DF0052A782 /* ResponseCheckID.swift */,
				16736E062BCD11F70052A782 /* ResponseUserStatus.swift */,
				16736E082BCD13AA0052A782 /* ResponsePushNoti.swift */,
				16736E0A2BCD1E140052A782 /* ResponseChkAuthResult.swift */,
				16736E0C2BCD1E610052A782 /* DMResultModel.swift */,
				16736E0E2BCD41960052A782 /* ResponseLogin.swift */,
				16736E102BCD48190052A782 /* ResponseLoad.swift */,
				16736E122BCD4E9C0052A782 /* ResponseSearch.swift */,
				16D092912BCE3E5600E941C9 /* ResponseMenuInfo.swift */,
				16BAD46C2BF3449400A763D2 /* ResponseJSONTest.swift */,
				16E771062C33C6B1003492E8 /* ResponseBeacon.swift */,
			);
			path = domain;
			sourceTree = "<group>";
		};
		167F901E2BE0C54900FCCE89 /* wUtils */ = {
			isa = PBXGroup;
			children = (
				167F901F2BE0C56100FCCE89 /* WebBridgeExtension.swift */,
				16BAD4492BF3211C00A763D2 /* BTExtension.swift */,
				16BAD44B2BF3261300A763D2 /* LocationExtension.swift */,
			);
			path = wUtils;
			sourceTree = "<group>";
		};
		167F90212BE0C5B000FCCE89 /* bridgeDomains */ = {
			isa = PBXGroup;
			children = (
				16EC83B82BE4D927006C620D /* DMSetBgColor.swift */,
				16EC83BB2BE4D9A2006C620D /* DMEnums.swift */,
				16EC83BD2BE4DA07006C620D /* BaseResultDomain.swift */,
				16EC83BF2BE4DA1B006C620D /* DMDataResult.swift */,
				16EC83C12BE4DA6B006C620D /* DMTypeModel.swift */,
				16EC83C32BE4DA80006C620D /* DMTypeListModel.swift */,
				16EC83C52BE4DAAD006C620D /* DMUrl.swift */,
				16EC83C72BE4DB1D006C620D /* DMDataMapResult.swift */,
				16EC83CB2BE4DE07006C620D /* DMUserId.swift */,
				16E771082C33D994003492E8 /* DMUUIDModel.swift */,
			);
			path = bridgeDomains;
			sourceTree = "<group>";
		};
		1689135E2C1820A000E08258 /* CheqDynamicWidget */ = {
			isa = PBXGroup;
			children = (
				1689135F2C1820A000E08258 /* CheqDynamicWidgetBundle.swift */,
				168913612C1820A000E08258 /* CheqDynamicWidgetLiveActivity.swift */,
				168913632C1820A000E08258 /* CheqDynamicWidget.swift */,
				168913652C1820A000E08258 /* AppIntent.swift */,
				168913672C1820A100E08258 /* Assets.xcassets */,
				168913692C1820A100E08258 /* Info.plist */,
			);
			path = CheqDynamicWidget;
			sourceTree = "<group>";
		};
		16978A952BDA4ED8007F8B61 /* lottie */ = {
			isa = PBXGroup;
			children = (
				16978A982BDA4EF5007F8B61 /* menu.json */,
			);
			path = lottie;
			sourceTree = "<group>";
		};
		16BAD4532BF3304A00A763D2 /* Frameworks */ = {
			isa = PBXGroup;
			children = (
				16BAD4542BF3304A00A763D2 /* WidgetKit.framework */,
				16BAD4562BF3304A00A763D2 /* SwiftUI.framework */,
			);
			name = Frameworks;
			sourceTree = "<group>";
		};
		16DBE9522BC5037D00AA0EE9 = {
			isa = PBXGroup;
			children = (
				16DBE95D2BC5037D00AA0EE9 /* cheq */,
				1689135E2C1820A000E08258 /* CheqDynamicWidget */,
				16BAD4532BF3304A00A763D2 /* Frameworks */,
				16DBE95C2BC5037D00AA0EE9 /* Products */,
			);
			sourceTree = "<group>";
		};
		16DBE95C2BC5037D00AA0EE9 /* Products */ = {
			isa = PBXGroup;
			children = (
				16DBE95B2BC5037D00AA0EE9 /* cheq.app */,
				1689135B2C1820A000E08258 /* CheqDynamicWidgetExtension.appex */,
			);
			name = Products;
			sourceTree = "<group>";
		};
		16DBE95D2BC5037D00AA0EE9 /* cheq */ = {
			isa = PBXGroup;
			children = (
				16EC83CD2BE4DF19006C620D /* components */,
				167F90212BE0C5B000FCCE89 /* bridgeDomains */,
				167F901E2BE0C54900FCCE89 /* wUtils */,
				16978A952BDA4ED8007F8B61 /* lottie */,
				16581A5F2BC924A500F96F97 /* domain */,
				161EA0122BC79BEB0071CA9A /* utils */,
				161EA00E2BC79B8D0071CA9A /* base */,
				161EA00A2BC79B3A0071CA9A /* vcs */,
				16DBE97D2BC50AF000AA0EE9 /* cheq.entitlements */,
				16DBE95E2BC5037D00AA0EE9 /* AppDelegate.swift */,
				16DBE9642BC5037D00AA0EE9 /* Main.storyboard */,
				16DBE96A2BC5037D00AA0EE9 /* Assets.xcassets */,
				16DBE96C2BC5037D00AA0EE9 /* LaunchScreen.storyboard */,
				16DBE96F2BC5037D00AA0EE9 /* Info.plist */,
				16DBE9672BC5037D00AA0EE9 /* cheq.xcdatamodeld */,
			);
			path = cheq;
			sourceTree = "<group>";
		};
		16EC83CD2BE4DF19006C620D /* components */ = {
			isa = PBXGroup;
			children = (
				16EC83CE2BE4DF2D006C620D /* FloatingBtn.swift */,
			);
			path = components;
			sourceTree = "<group>";
		};
/* End PBXGroup section */

/* Begin PBXNativeTarget section */
		1689135A2C1820A000E08258 /* CheqDynamicWidgetExtension */ = {
			isa = PBXNativeTarget;
			buildConfigurationList = 1689136F2C1820A100E08258 /* Build configuration list for PBXNativeTarget "CheqDynamicWidgetExtension" */;
			buildPhases = (
				168913572C1820A000E08258 /* Sources */,
				168913582C1820A000E08258 /* Frameworks */,
				168913592C1820A000E08258 /* Resources */,
			);
			buildRules = (
			);
			dependencies = (
			);
			name = CheqDynamicWidgetExtension;
			productName = CheqDynamicWidgetExtension;
			productReference = 1689135B2C1820A000E08258 /* CheqDynamicWidgetExtension.appex */;
			productType = "com.apple.product-type.app-extension";
		};
		16DBE95A2BC5037D00AA0EE9 /* cheq */ = {
			isa = PBXNativeTarget;
			buildConfigurationList = 16DBE9722BC5037D00AA0EE9 /* Build configuration list for PBXNativeTarget "cheq" */;
			buildPhases = (
				16DBE9572BC5037D00AA0EE9 /* Sources */,
				16DBE9582BC5037D00AA0EE9 /* Frameworks */,
				16DBE9592BC5037D00AA0EE9 /* Resources */,
				167B575C2BD0B462007F44BE /* Embed Frameworks */,
				16BAD46A2BF3304B00A763D2 /* Embed Foundation Extensions */,
			);
			buildRules = (
			);
			dependencies = (
				1689136B2C1820A100E08258 /* PBXTargetDependency */,
			);
			name = cheq;
			packageProductDependencies = (
				16DBE97B2BC5071300AA0EE9 /* Then */,
				16D092942BCE45DB00E941C9 /* Lottie */,
				16962DA82BEC97A10030EC8B /* JDID */,
			);
			productName = cheq;
			productReference = 16DBE95B2BC5037D00AA0EE9 /* cheq.app */;
			productType = "com.apple.product-type.application";
		};
/* End PBXNativeTarget section */

/* Begin PBXProject section */
		16DBE9532BC5037D00AA0EE9 /* Project object */ = {
			isa = PBXProject;
			attributes = {
				BuildIndependentTargetsInParallel = 1;
				LastSwiftUpdateCheck = 1530;
				LastUpgradeCheck = 1530;
				TargetAttributes = {
					1689135A2C1820A000E08258 = {
						CreatedOnToolsVersion = 15.3;
					};
					16DBE95A2BC5037D00AA0EE9 = {
						CreatedOnToolsVersion = 15.3;
					};
				};
			};
			buildConfigurationList = 16DBE9562BC5037D00AA0EE9 /* Build configuration list for PBXProject "cheq" */;
			compatibilityVersion = "Xcode 14.0";
			developmentRegion = en;
			hasScannedForEncodings = 0;
			knownRegions = (
				en,
				Base,
			);
			mainGroup = 16DBE9522BC5037D00AA0EE9;
			packageReferences = (
				16DBE97A2BC5071300AA0EE9 /* XCRemoteSwiftPackageReference "Then" */,
				16D092932BCE45DB00E941C9 /* XCRemoteSwiftPackageReference "lottie-spm" */,
				16962DA72BEC97A10030EC8B /* XCRemoteSwiftPackageReference "JDID" */,
			);
			productRefGroup = 16DBE95C2BC5037D00AA0EE9 /* Products */;
			projectDirPath = "";
			projectRoot = "";
			targets = (
				16DBE95A2BC5037D00AA0EE9 /* cheq */,
				1689135A2C1820A000E08258 /* CheqDynamicWidgetExtension */,
			);
		};
/* End PBXProject section */

/* Begin PBXResourcesBuildPhase section */
		168913592C1820A000E08258 /* Resources */ = {
			isa = PBXResourcesBuildPhase;
			buildActionMask = 2147483647;
			files = (
				168913682C1820A100E08258 /* Assets.xcassets in Resources */,
			);
			runOnlyForDeploymentPostprocessing = 0;
		};
		16DBE9592BC5037D00AA0EE9 /* Resources */ = {
			isa = PBXResourcesBuildPhase;
			buildActionMask = 2147483647;
			files = (
				16DBE96B2BC5037D00AA0EE9 /* Assets.xcassets in Resources */,
				16DBE96E2BC5037D00AA0EE9 /* Base in Resources */,
				16978A992BDA4EF5007F8B61 /* menu.json in Resources */,
				16DBE9662BC5037D00AA0EE9 /* Base in Resources */,
			);
			runOnlyForDeploymentPostprocessing = 0;
		};
/* End PBXResourcesBuildPhase section */

/* Begin PBXSourcesBuildPhase section */
		168913572C1820A000E08258 /* Sources */ = {
			isa = PBXSourcesBuildPhase;
			buildActionMask = 2147483647;
			files = (
				168913602C1820A000E08258 /* CheqDynamicWidgetBundle.swift in Sources */,
				168913662C1820A000E08258 /* AppIntent.swift in Sources */,
				168913622C1820A000E08258 /* CheqDynamicWidgetLiveActivity.swift in Sources */,
				168913642C1820A000E08258 /* CheqDynamicWidget.swift in Sources */,
			);
			runOnlyForDeploymentPostprocessing = 0;
		};
		16DBE9572BC5037D00AA0EE9 /* Sources */ = {
			isa = PBXSourcesBuildPhase;
			buildActionMask = 2147483647;
			files = (
				161EA0052BC7965B0071CA9A /* LoginViewController.swift in Sources */,
				16DBE9632BC5037D00AA0EE9 /* InitialViewController.swift in Sources */,
				16736E0D2BCD1E610052A782 /* DMResultModel.swift in Sources */,
				16BAD44C2BF3261400A763D2 /* LocationExtension.swift in Sources */,
				16736E132BCD4E9C0052A782 /* ResponseSearch.swift in Sources */,
				16EC83B92BE4D927006C620D /* DMSetBgColor.swift in Sources */,
				16E771072C33C6B1003492E8 /* ResponseBeacon.swift in Sources */,
				167F90202BE0C56100FCCE89 /* WebBridgeExtension.swift in Sources */,
				161EA00C2BC79B420071CA9A /* WebController.swift in Sources */,
				16EC83BC2BE4D9A2006C620D /* DMEnums.swift in Sources */,
				16EC83C82BE4DB1D006C620D /* DMDataMapResult.swift in Sources */,
				16736E0B2BCD1E140052A782 /* ResponseChkAuthResult.swift in Sources */,
				16736E112BCD48190052A782 /* ResponseLoad.swift in Sources */,
				16736E052BCD09DF0052A782 /* ResponseCheckID.swift in Sources */,
				161EA0142BC79BF40071CA9A /* DLog.swift in Sources */,
				161EA0112BC79B9C0071CA9A /* DEFINE.swift in Sources */,
				16D0929C2BCE614800E941C9 /* IdCardViewController.swift in Sources */,
				168913702C18264C00E08258 /* CheqDynamicWidgetLiveActivity.swift in Sources */,
				16D0929A2BCE5E6400E941C9 /* QRViewController.swift in Sources */,
				16736E1B2BCE344A0052A782 /* RequestManager.swift in Sources */,
				16736E172BCE2CCB0052A782 /* MainNavVC.swift in Sources */,
				16D092922BCE3E5600E941C9 /* ResponseMenuInfo.swift in Sources */,
				16EC83BE2BE4DA07006C620D /* BaseResultDomain.swift in Sources */,
				16736E032BCCFD680052A782 /* RequestConstant.swift in Sources */,
				16EC83C02BE4DA1B006C620D /* DMDataResult.swift in Sources */,
				16736E092BCD13AA0052A782 /* ResponsePushNoti.swift in Sources */,
				16BAD46D2BF3449400A763D2 /* ResponseJSONTest.swift in Sources */,
				16EE68C92BD218990092D098 /* Constant.swift in Sources */,
				167F901D2BE0C06B00FCCE89 /* BridgeList.swift in Sources */,
				16EC83C62BE4DAAD006C620D /* DMUrl.swift in Sources */,
				16DBE95F2BC5037D00AA0EE9 /* AppDelegate.swift in Sources */,
				16E771092C33D994003492E8 /* DMUUIDModel.swift in Sources */,
				161EA0162BC79C240071CA9A /* Extensions.swift in Sources */,
				16BAD44A2BF3211C00A763D2 /* BTExtension.swift in Sources */,
				16EC83CF2BE4DF2D006C620D /* FloatingBtn.swift in Sources */,
				16736E152BCD58950052A782 /* DataSession.swift in Sources */,
				16736E0F2BCD41960052A782 /* ResponseLogin.swift in Sources */,
				16EC83C42BE4DA80006C620D /* DMTypeListModel.swift in Sources */,
				16DBE9692BC5037D00AA0EE9 /* cheq.xcdatamodeld in Sources */,
				16EC83CC2BE4DE07006C620D /* DMUserId.swift in Sources */,
				16EC83C22BE4DA6B006C620D /* DMTypeModel.swift in Sources */,
				161EA0092BC79AFD0071CA9A /* Preference.swift in Sources */,
				16581A5E2BC924A100F96F97 /* ResponsePreLogin.swift in Sources */,
				16736E192BCE2D030052A782 /* MainViewController.swift in Sources */,
				161EA0072BC79AC30071CA9A /* JVC.swift in Sources */,
				16736E072BCD11F70052A782 /* ResponseUserStatus.swift in Sources */,
			);
			runOnlyForDeploymentPostprocessing = 0;
		};
/* End PBXSourcesBuildPhase section */

/* Begin PBXTargetDependency section */
		1689136B2C1820A100E08258 /* PBXTargetDependency */ = {
			isa = PBXTargetDependency;
			target = 1689135A2C1820A000E08258 /* CheqDynamicWidgetExtension */;
			targetProxy = 1689136A2C1820A100E08258 /* PBXContainerItemProxy */;
		};
/* End PBXTargetDependency section */

/* Begin PBXVariantGroup section */
		16DBE9642BC5037D00AA0EE9 /* Main.storyboard */ = {
			isa = PBXVariantGroup;
			children = (
				16DBE9652BC5037D00AA0EE9 /* Base */,
			);
			name = Main.storyboard;
			sourceTree = "<group>";
		};
		16DBE96C2BC5037D00AA0EE9 /* LaunchScreen.storyboard */ = {
			isa = PBXVariantGroup;
			children = (
				16DBE96D2BC5037D00AA0EE9 /* Base */,
			);
			name = LaunchScreen.storyboard;
			sourceTree = "<group>";
		};
/* End PBXVariantGroup section */

/* Begin XCBuildConfiguration section */
		1689136D2C1820A100E08258 /* Debug */ = {
			isa = XCBuildConfiguration;
			buildSettings = {
				ASSETCATALOG_COMPILER_GLOBAL_ACCENT_COLOR_NAME = AccentColor;
				ASSETCATALOG_COMPILER_WIDGET_BACKGROUND_COLOR_NAME = WidgetBackground;
				CODE_SIGN_STYLE = Automatic;
				CURRENT_PROJECT_VERSION = 1;
				DEVELOPMENT_TEAM = X922N7WM69;
				GENERATE_INFOPLIST_FILE = YES;
				INFOPLIST_FILE = CheqDynamicWidget/Info.plist;
				INFOPLIST_KEY_CFBundleDisplayName = CheqDynamicWidget;
				INFOPLIST_KEY_NSHumanReadableCopyright = "";
				IPHONEOS_DEPLOYMENT_TARGET = 14.0;
				LD_RUNPATH_SEARCH_PATHS = (
					"$(inherited)",
					"@executable_path/Frameworks",
					"@executable_path/../../Frameworks",
				);
				MARKETING_VERSION = 1.0;
				PRODUCT_BUNDLE_IDENTIFIER = dev.oth.cheq.CheqDynamicWidget;
				PRODUCT_NAME = "$(TARGET_NAME)";
				SKIP_INSTALL = YES;
				SUPPORTED_PLATFORMS = "iphoneos iphonesimulator";
				SUPPORTS_MACCATALYST = NO;
				SUPPORTS_MAC_DESIGNED_FOR_IPHONE_IPAD = NO;
				SUPPORTS_XR_DESIGNED_FOR_IPHONE_IPAD = NO;
				SWIFT_EMIT_LOC_STRINGS = YES;
				SWIFT_VERSION = 5.0;
				TARGETED_DEVICE_FAMILY = "1,2";
			};
			name = Debug;
		};
		1689136E2C1820A100E08258 /* Release */ = {
			isa = XCBuildConfiguration;
			buildSettings = {
				ASSETCATALOG_COMPILER_GLOBAL_ACCENT_COLOR_NAME = AccentColor;
				ASSETCATALOG_COMPILER_WIDGET_BACKGROUND_COLOR_NAME = WidgetBackground;
				CODE_SIGN_STYLE = Automatic;
				CURRENT_PROJECT_VERSION = 1;
				DEVELOPMENT_TEAM = X922N7WM69;
				GENERATE_INFOPLIST_FILE = YES;
				INFOPLIST_FILE = CheqDynamicWidget/Info.plist;
				INFOPLIST_KEY_CFBundleDisplayName = CheqDynamicWidget;
				INFOPLIST_KEY_NSHumanReadableCopyright = "";
				IPHONEOS_DEPLOYMENT_TARGET = 14.0;
				LD_RUNPATH_SEARCH_PATHS = (
					"$(inherited)",
					"@executable_path/Frameworks",
					"@executable_path/../../Frameworks",
				);
				MARKETING_VERSION = 1.0;
				PRODUCT_BUNDLE_IDENTIFIER = dev.oth.cheq.CheqDynamicWidget;
				PRODUCT_NAME = "$(TARGET_NAME)";
				SKIP_INSTALL = YES;
				SUPPORTED_PLATFORMS = "iphoneos iphonesimulator";
				SUPPORTS_MACCATALYST = NO;
				SUPPORTS_MAC_DESIGNED_FOR_IPHONE_IPAD = NO;
				SUPPORTS_XR_DESIGNED_FOR_IPHONE_IPAD = NO;
				SWIFT_EMIT_LOC_STRINGS = YES;
				SWIFT_VERSION = 5.0;
				TARGETED_DEVICE_FAMILY = "1,2";
			};
			name = Release;
		};
		16DBE9702BC5037D00AA0EE9 /* Debug */ = {
			isa = XCBuildConfiguration;
			buildSettings = {
				ALWAYS_SEARCH_USER_PATHS = NO;
				ASSETCATALOG_COMPILER_GENERATE_SWIFT_ASSET_SYMBOL_EXTENSIONS = YES;
				CLANG_ANALYZER_NONNULL = YES;
				CLANG_ANALYZER_NUMBER_OBJECT_CONVERSION = YES_AGGRESSIVE;
				CLANG_CXX_LANGUAGE_STANDARD = "gnu++20";
				CLANG_ENABLE_MODULES = YES;
				CLANG_ENABLE_OBJC_ARC = YES;
				CLANG_ENABLE_OBJC_WEAK = YES;
				CLANG_WARN_BLOCK_CAPTURE_AUTORELEASING = YES;
				CLANG_WARN_BOOL_CONVERSION = YES;
				CLANG_WARN_COMMA = YES;
				CLANG_WARN_CONSTANT_CONVERSION = YES;
				CLANG_WARN_DEPRECATED_OBJC_IMPLEMENTATIONS = YES;
				CLANG_WARN_DIRECT_OBJC_ISA_USAGE = YES_ERROR;
				CLANG_WARN_DOCUMENTATION_COMMENTS = YES;
				CLANG_WARN_EMPTY_BODY = YES;
				CLANG_WARN_ENUM_CONVERSION = YES;
				CLANG_WARN_INFINITE_RECURSION = YES;
				CLANG_WARN_INT_CONVERSION = YES;
				CLANG_WARN_NON_LITERAL_NULL_CONVERSION = YES;
				CLANG_WARN_OBJC_IMPLICIT_RETAIN_SELF = YES;
				CLANG_WARN_OBJC_LITERAL_CONVERSION = YES;
				CLANG_WARN_OBJC_ROOT_CLASS = YES_ERROR;
				CLANG_WARN_QUOTED_INCLUDE_IN_FRAMEWORK_HEADER = YES;
				CLANG_WARN_RANGE_LOOP_ANALYSIS = YES;
				CLANG_WARN_STRICT_PROTOTYPES = YES;
				CLANG_WARN_SUSPICIOUS_MOVE = YES;
				CLANG_WARN_UNGUARDED_AVAILABILITY = YES_AGGRESSIVE;
				CLANG_WARN_UNREACHABLE_CODE = YES;
				CLANG_WARN__DUPLICATE_METHOD_MATCH = YES;
				COPY_PHASE_STRIP = NO;
				DEBUG_INFORMATION_FORMAT = dwarf;
				ENABLE_STRICT_OBJC_MSGSEND = YES;
				ENABLE_TESTABILITY = YES;
				ENABLE_USER_SCRIPT_SANDBOXING = YES;
				GCC_C_LANGUAGE_STANDARD = gnu17;
				GCC_DYNAMIC_NO_PIC = NO;
				GCC_NO_COMMON_BLOCKS = YES;
				GCC_OPTIMIZATION_LEVEL = 0;
				GCC_PREPROCESSOR_DEFINITIONS = (
					"DEBUG=1",
					"$(inherited)",
				);
				GCC_WARN_64_TO_32_BIT_CONVERSION = YES;
				GCC_WARN_ABOUT_RETURN_TYPE = YES_ERROR;
				GCC_WARN_UNDECLARED_SELECTOR = YES;
				GCC_WARN_UNINITIALIZED_AUTOS = YES_AGGRESSIVE;
				GCC_WARN_UNUSED_FUNCTION = YES;
				GCC_WARN_UNUSED_VARIABLE = YES;
				IPHONEOS_DEPLOYMENT_TARGET = 17.4;
				LOCALIZATION_PREFERS_STRING_CATALOGS = YES;
				MTL_ENABLE_DEBUG_INFO = INCLUDE_SOURCE;
				MTL_FAST_MATH = YES;
				ONLY_ACTIVE_ARCH = YES;
				SDKROOT = iphoneos;
				SWIFT_ACTIVE_COMPILATION_CONDITIONS = "DEBUG $(inherited)";
				SWIFT_OPTIMIZATION_LEVEL = "-Onone";
			};
			name = Debug;
		};
		16DBE9712BC5037D00AA0EE9 /* Release */ = {
			isa = XCBuildConfiguration;
			buildSettings = {
				ALWAYS_SEARCH_USER_PATHS = NO;
				ASSETCATALOG_COMPILER_GENERATE_SWIFT_ASSET_SYMBOL_EXTENSIONS = YES;
				CLANG_ANALYZER_NONNULL = YES;
				CLANG_ANALYZER_NUMBER_OBJECT_CONVERSION = YES_AGGRESSIVE;
				CLANG_CXX_LANGUAGE_STANDARD = "gnu++20";
				CLANG_ENABLE_MODULES = YES;
				CLANG_ENABLE_OBJC_ARC = YES;
				CLANG_ENABLE_OBJC_WEAK = YES;
				CLANG_WARN_BLOCK_CAPTURE_AUTORELEASING = YES;
				CLANG_WARN_BOOL_CONVERSION = YES;
				CLANG_WARN_COMMA = YES;
				CLANG_WARN_CONSTANT_CONVERSION = YES;
				CLANG_WARN_DEPRECATED_OBJC_IMPLEMENTATIONS = YES;
				CLANG_WARN_DIRECT_OBJC_ISA_USAGE = YES_ERROR;
				CLANG_WARN_DOCUMENTATION_COMMENTS = YES;
				CLANG_WARN_EMPTY_BODY = YES;
				CLANG_WARN_ENUM_CONVERSION = YES;
				CLANG_WARN_INFINITE_RECURSION = YES;
				CLANG_WARN_INT_CONVERSION = YES;
				CLANG_WARN_NON_LITERAL_NULL_CONVERSION = YES;
				CLANG_WARN_OBJC_IMPLICIT_RETAIN_SELF = YES;
				CLANG_WARN_OBJC_LITERAL_CONVERSION = YES;
				CLANG_WARN_OBJC_ROOT_CLASS = YES_ERROR;
				CLANG_WARN_QUOTED_INCLUDE_IN_FRAMEWORK_HEADER = YES;
				CLANG_WARN_RANGE_LOOP_ANALYSIS = YES;
				CLANG_WARN_STRICT_PROTOTYPES = YES;
				CLANG_WARN_SUSPICIOUS_MOVE = YES;
				CLANG_WARN_UNGUARDED_AVAILABILITY = YES_AGGRESSIVE;
				CLANG_WARN_UNREACHABLE_CODE = YES;
				CLANG_WARN__DUPLICATE_METHOD_MATCH = YES;
				COPY_PHASE_STRIP = NO;
				DEBUG_INFORMATION_FORMAT = "dwarf-with-dsym";
				ENABLE_NS_ASSERTIONS = NO;
				ENABLE_STRICT_OBJC_MSGSEND = YES;
				ENABLE_USER_SCRIPT_SANDBOXING = YES;
				GCC_C_LANGUAGE_STANDARD = gnu17;
				GCC_NO_COMMON_BLOCKS = YES;
				GCC_WARN_64_TO_32_BIT_CONVERSION = YES;
				GCC_WARN_ABOUT_RETURN_TYPE = YES_ERROR;
				GCC_WARN_UNDECLARED_SELECTOR = YES;
				GCC_WARN_UNINITIALIZED_AUTOS = YES_AGGRESSIVE;
				GCC_WARN_UNUSED_FUNCTION = YES;
				GCC_WARN_UNUSED_VARIABLE = YES;
				IPHONEOS_DEPLOYMENT_TARGET = 17.4;
				LOCALIZATION_PREFERS_STRING_CATALOGS = YES;
				MTL_ENABLE_DEBUG_INFO = NO;
				MTL_FAST_MATH = YES;
				SDKROOT = iphoneos;
				SWIFT_COMPILATION_MODE = wholemodule;
				VALIDATE_PRODUCT = YES;
			};
			name = Release;
		};
		16DBE9732BC5037D00AA0EE9 /* Debug */ = {
			isa = XCBuildConfiguration;
			buildSettings = {
				ALWAYS_EMBED_SWIFT_STANDARD_LIBRARIES = YES;
				ASSETCATALOG_COMPILER_APPICON_NAME = AppIcon;
				ASSETCATALOG_COMPILER_GLOBAL_ACCENT_COLOR_NAME = AccentColor;
				CODE_SIGN_ENTITLEMENTS = cheq/cheq.entitlements;
				CODE_SIGN_STYLE = Automatic;
				CURRENT_PROJECT_VERSION = 1;
				DEVELOPMENT_TEAM = X922N7WM69;
				GENERATE_INFOPLIST_FILE = YES;
				INFOPLIST_FILE = cheq/Info.plist;
				INFOPLIST_KEY_NFCReaderUsageDescription = "NFC Permission For Scan";
				INFOPLIST_KEY_NSBluetoothAlwaysUsageDescription = "블루투스 1";
				INFOPLIST_KEY_NSBluetoothPeripheralUsageDescription = "블루투스 2";
				INFOPLIST_KEY_NSLocationAlwaysAndWhenInUseUsageDescription = "위치정보 1";
				INFOPLIST_KEY_NSLocationWhenInUseUsageDescription = "위치정보 2";
				INFOPLIST_KEY_NSSupportsLiveActivities = YES;
				INFOPLIST_KEY_UIApplicationSupportsIndirectInputEvents = YES;
				INFOPLIST_KEY_UILaunchStoryboardName = LaunchScreen;
				INFOPLIST_KEY_UIMainStoryboardFile = Main;
				INFOPLIST_KEY_UIStatusBarStyle = UIStatusBarStyleLightContent;
				INFOPLIST_KEY_UISupportedInterfaceOrientations = UIInterfaceOrientationPortrait;
				IPHONEOS_DEPLOYMENT_TARGET = 14.0;
				LD_RUNPATH_SEARCH_PATHS = (
					"$(inherited)",
					"@executable_path/Frameworks",
				);
				MARKETING_VERSION = 1.0;
				PRODUCT_BUNDLE_IDENTIFIER = dev.oth.cheq;
				PRODUCT_NAME = "$(TARGET_NAME)";
				SUPPORTED_PLATFORMS = "iphoneos iphonesimulator";
				SUPPORTS_MACCATALYST = NO;
				SUPPORTS_MAC_DESIGNED_FOR_IPHONE_IPAD = NO;
				SUPPORTS_XR_DESIGNED_FOR_IPHONE_IPAD = NO;
				SWIFT_EMIT_LOC_STRINGS = YES;
				SWIFT_VERSION = 5.0;
				TARGETED_DEVICE_FAMILY = "1,2";
			};
			name = Debug;
		};
		16DBE9742BC5037D00AA0EE9 /* Release */ = {
			isa = XCBuildConfiguration;
			buildSettings = {
				ALWAYS_EMBED_SWIFT_STANDARD_LIBRARIES = YES;
				ASSETCATALOG_COMPILER_APPICON_NAME = AppIcon;
				ASSETCATALOG_COMPILER_GLOBAL_ACCENT_COLOR_NAME = AccentColor;
				CODE_SIGN_ENTITLEMENTS = cheq/cheq.entitlements;
				CODE_SIGN_STYLE = Automatic;
				CURRENT_PROJECT_VERSION = 1;
				DEVELOPMENT_TEAM = X922N7WM69;
				GENERATE_INFOPLIST_FILE = YES;
				INFOPLIST_FILE = cheq/Info.plist;
				INFOPLIST_KEY_NFCReaderUsageDescription = "NFC Permission For Scan";
				INFOPLIST_KEY_NSBluetoothAlwaysUsageDescription = "블루투스 1";
				INFOPLIST_KEY_NSBluetoothPeripheralUsageDescription = "블루투스 2";
				INFOPLIST_KEY_NSLocationAlwaysAndWhenInUseUsageDescription = "위치정보 1";
				INFOPLIST_KEY_NSLocationWhenInUseUsageDescription = "위치정보 2";
				INFOPLIST_KEY_NSSupportsLiveActivities = YES;
				INFOPLIST_KEY_UIApplicationSupportsIndirectInputEvents = YES;
				INFOPLIST_KEY_UILaunchStoryboardName = LaunchScreen;
				INFOPLIST_KEY_UIMainStoryboardFile = Main;
				INFOPLIST_KEY_UIStatusBarStyle = UIStatusBarStyleLightContent;
				INFOPLIST_KEY_UISupportedInterfaceOrientations = UIInterfaceOrientationPortrait;
				IPHONEOS_DEPLOYMENT_TARGET = 14.0;
				LD_RUNPATH_SEARCH_PATHS = (
					"$(inherited)",
					"@executable_path/Frameworks",
				);
				MARKETING_VERSION = 1.0;
				PRODUCT_BUNDLE_IDENTIFIER = dev.oth.cheq;
				PRODUCT_NAME = "$(TARGET_NAME)";
				SUPPORTED_PLATFORMS = "iphoneos iphonesimulator";
				SUPPORTS_MACCATALYST = NO;
				SUPPORTS_MAC_DESIGNED_FOR_IPHONE_IPAD = NO;
				SUPPORTS_XR_DESIGNED_FOR_IPHONE_IPAD = NO;
				SWIFT_EMIT_LOC_STRINGS = YES;
				SWIFT_VERSION = 5.0;
				TARGETED_DEVICE_FAMILY = "1,2";
			};
			name = Release;
		};
/* End XCBuildConfiguration section */

/* Begin XCConfigurationList section */
		1689136F2C1820A100E08258 /* Build configuration list for PBXNativeTarget "CheqDynamicWidgetExtension" */ = {
			isa = XCConfigurationList;
			buildConfigurations = (
				1689136D2C1820A100E08258 /* Debug */,
				1689136E2C1820A100E08258 /* Release */,
			);
			defaultConfigurationIsVisible = 0;
			defaultConfigurationName = Release;
		};
		16DBE9562BC5037D00AA0EE9 /* Build configuration list for PBXProject "cheq" */ = {
			isa = XCConfigurationList;
			buildConfigurations = (
				16DBE9702BC5037D00AA0EE9 /* Debug */,
				16DBE9712BC5037D00AA0EE9 /* Release */,
			);
			defaultConfigurationIsVisible = 0;
			defaultConfigurationName = Release;
		};
		16DBE9722BC5037D00AA0EE9 /* Build configuration list for PBXNativeTarget "cheq" */ = {
			isa = XCConfigurationList;
			buildConfigurations = (
				16DBE9732BC5037D00AA0EE9 /* Debug */,
				16DBE9742BC5037D00AA0EE9 /* Release */,
			);
			defaultConfigurationIsVisible = 0;
			defaultConfigurationName = Release;
		};
/* End XCConfigurationList section */

/* Begin XCRemoteSwiftPackageReference section */
		16962DA72BEC97A10030EC8B /* XCRemoteSwiftPackageReference "JDID" */ = {
			isa = XCRemoteSwiftPackageReference;
			repositoryURL = "https://github.com/jangisaac-dev/JDID";
			requirement = {
				kind = exactVersion;
				version = 1.0.1;
			};
		};
		16D092932BCE45DB00E941C9 /* XCRemoteSwiftPackageReference "lottie-spm" */ = {
			isa = XCRemoteSwiftPackageReference;
			repositoryURL = "https://github.com/airbnb/lottie-spm.git";
			requirement = {
				kind = upToNextMajorVersion;
				minimumVersion = 4.4.3;
			};
		};
		16DBE97A2BC5071300AA0EE9 /* XCRemoteSwiftPackageReference "Then" */ = {
			isa = XCRemoteSwiftPackageReference;
			repositoryURL = "https://github.com/devxoul/Then";
			requirement = {
				kind = upToNextMajorVersion;
				minimumVersion = 3.0.0;
			};
		};
/* End XCRemoteSwiftPackageReference section */

/* Begin XCSwiftPackageProductDependency section */
		16962DA82BEC97A10030EC8B /* JDID */ = {
			isa = XCSwiftPackageProductDependency;
			package = 16962DA72BEC97A10030EC8B /* XCRemoteSwiftPackageReference "JDID" */;
			productName = JDID;
		};
		16D092942BCE45DB00E941C9 /* Lottie */ = {
			isa = XCSwiftPackageProductDependency;
			package = 16D092932BCE45DB00E941C9 /* XCRemoteSwiftPackageReference "lottie-spm" */;
			productName = Lottie;
		};
		16DBE97B2BC5071300AA0EE9 /* Then */ = {
			isa = XCSwiftPackageProductDependency;
			package = 16DBE97A2BC5071300AA0EE9 /* XCRemoteSwiftPackageReference "Then" */;
			productName = Then;
		};
/* End XCSwiftPackageProductDependency section */

/* Begin XCVersionGroup section */
		16DBE9672BC5037D00AA0EE9 /* cheq.xcdatamodeld */ = {
			isa = XCVersionGroup;
			children = (
				16DBE9682BC5037D00AA0EE9 /* cheq.xcdatamodel */,
			);
			currentVersion = 16DBE9682BC5037D00AA0EE9 /* cheq.xcdatamodel */;
			path = cheq.xcdatamodeld;
			sourceTree = "<group>";
			versionGroupType = wrapper.xcdatamodel;
		};
/* End XCVersionGroup section */
	};
	rootObject = 16DBE9532BC5037D00AA0EE9 /* Project object */;
}
